
Microsoft Visual Studio Solution File, Format Version 10.00
# Visual Studio 2008
Project("{FAE04EC0-301F-11D3-BF4B-00C04F79EFBC}") = "KuMir00Parser", "KuMir00Parser.csproj", "{88F81789-57C2-4F13-A830-10C0F98AE689}"
EndProject
Global
	GlobalSection(SolutionConfigurationPlatforms) = preSolution
		Debug|Any CPU = Debug|Any CPU
		Release|Any CPU = Release|Any CPU
	EndGlobalSection
	GlobalSection(ProjectConfigurationPlatforms) = postSolution
		{88F81789-57C2-4F13-A830-10C0F98AE689}.Debug|Any CPU.ActiveCfg = Debug|Any CPU
		{88F81789-57C2-4F13-A830-10C0F98AE689}.Debug|Any CPU.Build.0 = Debug|Any CPU
		{88F81789-57C2-4F13-A830-10C0F98AE689}.Release|Any CPU.ActiveCfg = Release|Any CPU
		{88F81789-57C2-4F13-A830-10C0F98AE689}.Release|Any CPU.Build.0 = Release|Any CPU
	EndGlobalSection
	GlobalSection(SolutionProperties) = preSolution
		HideSolutionNode = FALSE
	EndGlobalSection
EndGlobal
