Microsoft Visual Studio Solution File, Format Version 9.00
# Visual Studio 2005
Project("{FAE04EC0-301F-11D3-BF4B-00C04F79EFBC}") = "DesignerHost", "DesignerHost.csproj", "{D1B610E3-444E-4438-9CB3-A4EB05CB3954}"
EndProject
Global
	GlobalSection(SolutionConfigurationPlatforms) = preSolution
		Debug|Any CPU = Debug|Any CPU
		Release|Any CPU = Release|Any CPU
	EndGlobalSection
	GlobalSection(ProjectConfigurationPlatforms) = postSolution
		{D1B610E3-444E-4438-9CB3-A4EB05CB3954}.Debug|Any CPU.ActiveCfg = Debug|Any CPU
		{D1B610E3-444E-4438-9CB3-A4EB05CB3954}.Debug|Any CPU.Build.0 = Debug|Any CPU
		{D1B610E3-444E-4438-9CB3-A4EB05CB3954}.Release|Any CPU.ActiveCfg = Release|Any CPU
		{D1B610E3-444E-4438-9CB3-A4EB05CB3954}.Release|Any CPU.Build.0 = Release|Any CPU
	EndGlobalSection
	GlobalSection(SolutionProperties) = preSolution
		HideSolutionNode = FALSE
	EndGlobalSection
EndGlobal
