
Microsoft Visual Studio Solution File, Format Version 12.00
# Visual Studio Version 16
VisualStudioVersion = 16.0.34301.259
MinimumVisualStudioVersion = 10.0.40219.1
Project("{2150E333-8FDC-42A3-9474-1A3956D46DE8}") = "VisualPascalABCNET", "VisualPascalABCNET", "{26843C5D-9D7E-4C2C-AC14-2D227FA5592E}"
EndProject
Project("{FAE04EC0-301F-11D3-BF4B-00C04F79EFBC}") = "PluginsSupport", "PluginsSupport\PluginsSupport.csproj", "{CFC683F8-0165-4A9F-9C3F-BB8C5BAB507F}"
EndProject
Project("{FAE04EC0-301F-11D3-BF4B-00C04F79EFBC}") = "VisualPascalABCNET", "VisualPascalABCNET\VisualPascalABCNET.csproj", "{BC35F816-54EE-47E0-89FC-1C66EAC155A9}"
EndProject
Project("{2150E333-8FDC-42A3-9474-1A3956D46DE8}") = "Plugins", "Plugins", "{EC68A3D8-6D63-4A79-ABA6-BF8E9D7756D7}"
EndProject
Project("{FAE04EC0-301F-11D3-BF4B-00C04F79EFBC}") = "TestPlugin", "VisualPlugins\TestPlugin\TestPlugin.csproj", "{DBE875B5-6187-45D8-8B75-2E43CC513A60}"
EndProject
Project("{FAE04EC0-301F-11D3-BF4B-00C04F79EFBC}") = "LanguageConverter", "VisualPlugins\LanguageConverter\LanguageConverter.csproj", "{43879684-ADBE-470A-AAC6-2ACA36603971}"
EndProject
Project("{FAE04EC0-301F-11D3-BF4B-00C04F79EFBC}") = "CompilerController", "VisualPlugins\CompilerController\CompilerController.csproj", "{50F4AB3F-0A1E-4AF9-88CF-48A8D3E1D1D7}"
	ProjectSection(ProjectDependencies) = postProject
		{1E42361A-EDA3-4872-88AF-A3AAF600D36D} = {1E42361A-EDA3-4872-88AF-A3AAF600D36D}
		{A25D26FB-3043-4BCF-833E-E3F4C3BE795E} = {A25D26FB-3043-4BCF-833E-E3F4C3BE795E}
		{CFC683F8-0165-4A9F-9C3F-BB8C5BAB507F} = {CFC683F8-0165-4A9F-9C3F-BB8C5BAB507F}
	EndProjectSection
EndProject
Project("{FAE04EC0-301F-11D3-BF4B-00C04F79EFBC}") = "InternalErrorReport", "VisualPlugins\InternalErrorReport\InternalErrorReport.csproj", "{A36031B7-D3D1-4372-B478-07621069602E}"
	ProjectSection(ProjectDependencies) = postProject
		{1E42361A-EDA3-4872-88AF-A3AAF600D36D} = {1E42361A-EDA3-4872-88AF-A3AAF600D36D}
		{50F4AB3F-0A1E-4AF9-88CF-48A8D3E1D1D7} = {50F4AB3F-0A1E-4AF9-88CF-48A8D3E1D1D7}
		{CFC683F8-0165-4A9F-9C3F-BB8C5BAB507F} = {CFC683F8-0165-4A9F-9C3F-BB8C5BAB507F}
	EndProjectSection
EndProject
Project("{FAE04EC0-301F-11D3-BF4B-00C04F79EFBC}") = "SyntaxTreeVisualisator", "VisualPlugins\SyntaxTreeVisualisator\SyntaxTreeVisualisator.csproj", "{1437FD01-0741-4912-8035-6BDFEAA45626}"
	ProjectSection(ProjectDependencies) = postProject
		{1E42361A-EDA3-4872-88AF-A3AAF600D36D} = {1E42361A-EDA3-4872-88AF-A3AAF600D36D}
		{50F4AB3F-0A1E-4AF9-88CF-48A8D3E1D1D7} = {50F4AB3F-0A1E-4AF9-88CF-48A8D3E1D1D7}
		{C2CAC65A-B2AE-4CCC-B067-E6B8E75DF73A} = {C2CAC65A-B2AE-4CCC-B067-E6B8E75DF73A}
		{CFC683F8-0165-4A9F-9C3F-BB8C5BAB507F} = {CFC683F8-0165-4A9F-9C3F-BB8C5BAB507F}
	EndProjectSection
EndProject
Project("{FAE04EC0-301F-11D3-BF4B-00C04F79EFBC}") = "PT4Provider", "VisualPlugins\PT4Provider\PT4Provider.csproj", "{4A9AC1AA-698E-49C2-B1ED-15B5E4AB963D}"
EndProject
Project("{FAE04EC0-301F-11D3-BF4B-00C04F79EFBC}") = "HelpBuilder", "VisualPlugins\HelpBuilder\HelpBuilder.csproj", "{FFF73A7C-22E5-4BB6-B7AA-6A0DC970DFDF}"
EndProject
Project("{2150E333-8FDC-42A3-9474-1A3956D46DE8}") = "Core", "Core", "{F8CE2712-826B-450B-A72F-D32D80C99858}"
EndProject
Project("{FAE04EC0-301F-11D3-BF4B-00C04F79EFBC}") = "Compiler", "Compiler\Compiler.csproj", "{1E42361A-EDA3-4872-88AF-A3AAF600D36D}"
EndProject
Project("{FAE04EC0-301F-11D3-BF4B-00C04F79EFBC}") = "CompilerTools", "CompilerTools\CompilerTools.csproj", "{A25D26FB-3043-4BCF-833E-E3F4C3BE795E}"
EndProject
Project("{FAE04EC0-301F-11D3-BF4B-00C04F79EFBC}") = "NETGenerator", "NETGenerator\NETGenerator.csproj", "{7FE7173B-22EB-46E5-897B-02F422662E51}"
EndProject
Project("{FAE04EC0-301F-11D3-BF4B-00C04F79EFBC}") = "PABCNETC", "pabcnetc\PABCNETC.csproj", "{2AEF58A1-2BCF-4C4B-AB03-F44BBB2628E6}"
EndProject
Project("{FAE04EC0-301F-11D3-BF4B-00C04F79EFBC}") = "TreeConverter", "TreeConverter\TreeConverter.csproj", "{1C9C945A-586D-42A2-A06B-65D84FA7FF78}"
EndProject
Project("{FAE04EC0-301F-11D3-BF4B-00C04F79EFBC}") = "ParserTools", "ParserTools\ParserTools.csproj", "{AF2EFD7B-69DD-4B43-AF65-B59B29349C23}"
EndProject
Project("{FAE04EC0-301F-11D3-BF4B-00C04F79EFBC}") = "Errors", "Errors\Errors.csproj", "{44A01F9E-DCE7-470C-AAE5-C3DE0CCBEE3B}"
EndProject
Project("{FAE04EC0-301F-11D3-BF4B-00C04F79EFBC}") = "Optimizer", "Optimizer\Optimizer.csproj", "{10679470-FE1B-4193-A203-D940CF0AEA54}"
EndProject
Project("{FAE04EC0-301F-11D3-BF4B-00C04F79EFBC}") = "CodeCompletion", "CodeCompletion\CodeCompletion.csproj", "{1AB15F6E-C22E-499A-A7ED-54BA7DE5CFA6}"
EndProject
Project("{2150E333-8FDC-42A3-9474-1A3956D46DE8}") = "Parsers", "Parsers", "{BB6973BA-B3A2-4B31-A986-7CB008F22C4F}"
EndProject
Project("{FAE04EC0-301F-11D3-BF4B-00C04F79EFBC}") = "VBNETParser", "Parsers\VBNETParser\VBNETParser.csproj", "{1D51D03C-FB74-4AB2-84B4-09EB077BEAFE}"
EndProject
Project("{2150E333-8FDC-42A3-9474-1A3956D46DE8}") = "Trees", "Trees", "{94EED2FF-0641-4562-8167-CBC280A733AF}"
EndProject
Project("{FAE04EC0-301F-11D3-BF4B-00C04F79EFBC}") = "SyntaxTree", "SyntaxTree\SyntaxTree.csproj", "{C2CAC65A-B2AE-4CCC-B067-E6B8E75DF73A}"
EndProject
Project("{FAE04EC0-301F-11D3-BF4B-00C04F79EFBC}") = "SemanticTree", "SemanticTree\SemanticTree.csproj", "{613E0DDA-AA8A-437C-AC45-507B47429FF9}"
EndProject
Project("{FAE04EC0-301F-11D3-BF4B-00C04F79EFBC}") = "Localization", "Localization\Localization.csproj", "{2DE2842F-0912-4251-BC0F-480854C44A13}"
EndProject
Project("{2150E333-8FDC-42A3-9474-1A3956D46DE8}") = "FormsDesignerDependencies", "FormsDesignerDependencies", "{A5A3667E-8A3B-4569-BA0E-AD49E12D07E7}"
EndProject
Project("{FAE04EC0-301F-11D3-BF4B-00C04F79EFBC}") = "ICSharpCode.SharpDevelop", "VisualPascalABCNET\FormsDesignerBinding\Dependecies\src\Main\Base\Project\ICSharpCode.SharpDevelop.csproj", "{2748AD25-9C63-4E12-877B-4DCE96FBED54}"
EndProject
Project("{FAE04EC0-301F-11D3-BF4B-00C04F79EFBC}") = "ICSharpCode.Core", "VisualPascalABCNET\FormsDesignerBinding\Dependecies\src\Main\Core\Project\ICSharpCode.Core.csproj", "{35CEF10F-2D4C-45F2-9DD1-161E0FEC583C}"
EndProject
Project("{FAE04EC0-301F-11D3-BF4B-00C04F79EFBC}") = "ICSharpCode.Core.Presentation", "VisualPascalABCNET\FormsDesignerBinding\Dependecies\src\Main\ICSharpCode.Core.Presentation\ICSharpCode.Core.Presentation.csproj", "{7E4A7172-7FF5-48D0-B719-7CD959DD1AC9}"
EndProject
Project("{FAE04EC0-301F-11D3-BF4B-00C04F79EFBC}") = "ICSharpCode.Core.WinForms", "VisualPascalABCNET\FormsDesignerBinding\Dependecies\src\Main\ICSharpCode.Core.WinForms\ICSharpCode.Core.WinForms.csproj", "{857CA1A3-FC88-4BE0-AB6A-D1EE772AB288}"
EndProject
Project("{FAE04EC0-301F-11D3-BF4B-00C04F79EFBC}") = "PABCNETCclear", "pabcnetc_clear\PABCNETCclear.csproj", "{146083AD-6684-4EBC-A539-AAD749A16364}"
EndProject
Project("{2150E333-8FDC-42A3-9474-1A3956D46DE8}") = "Solution Items", "Solution Items", "{DA0402DA-D618-47B4-8BF0-2959D16F2160}"
EndProject
Project("{FAE04EC0-301F-11D3-BF4B-00C04F79EFBC}") = "SyntaxTreeConverters", "SyntaxTreeConverters\SyntaxTreeConverters.csproj", "{F10A5330-DCF4-4533-877C-7B1B1BE23884}"
EndProject
Project("{FAE04EC0-301F-11D3-BF4B-00C04F79EFBC}") = "YieldHelpers", "Yield\YieldHelpers\YieldHelpers.csproj", "{CE5C55C2-A11C-4E94-A9FA-3FC6CA3E4C09}"
EndProject
Project("{FAE04EC0-301F-11D3-BF4B-00C04F79EFBC}") = "SyntaxVisitors", "SyntaxVisitors\SyntaxVisitors.csproj", "{A9AB4282-83B4-41A7-86C3-E5BF6A45E7E2}"
EndProject
Project("{FAE04EC0-301F-11D3-BF4B-00C04F79EFBC}") = "CodeTemplatesPlugin", "VisualPlugins\CodeTemplatesPlugin\CodeTemplatesPlugin.csproj", "{3AA92A45-7142-4C59-B12F-56DAE32A40E3}"
EndProject
Project("{FAE04EC0-301F-11D3-BF4B-00C04F79EFBC}") = "ICSharpCode.TextEditorLinux", "ICSharpCode.TextEditorLinux\ICSharpCode.TextEditorLinux.csproj", "{2D18BE89-D210-49EB-A9DD-2246FBB3DF6D}"
EndProject
Project("{FAE04EC0-301F-11D3-BF4B-00C04F79EFBC}") = "VisualPascalABCNETLinux", "VisualPascalABCNETLinux\VisualPascalABCNETLinux.csproj", "{3BF3CEB4-0E08-485A-8E6D-924841818B01}"
EndProject
Project("{FAE04EC0-301F-11D3-BF4B-00C04F79EFBC}") = "PluginsSupportLinux", "PluginsSupportLinux\PluginsSupportLinux.csproj", "{E009E776-9280-4061-B5CA-7F0C3E2D3C2A}"
EndProject
Project("{FAE04EC0-301F-11D3-BF4B-00C04F79EFBC}") = "TeacherControlPlugin", "VisualPlugins\TraningControlPlugin\TeacherControlPlugin.csproj", "{536CC813-7C4E-42BC-AE3A-BA1427F38756}"
EndProject
Project("{FAE04EC0-301F-11D3-BF4B-00C04F79EFBC}") = "LambdaAnySynToSemConverter", "LambdaAnySynToSemConverter\LambdaAnySynToSemConverter.csproj", "{27D9800E-2689-4AA1-A2D6-128E4A9BAE98}"
EndProject
Project("{FAE04EC0-301F-11D3-BF4B-00C04F79EFBC}") = "PascalABCSaushkinParser", "Parsers\PascalABCParserNewSaushkin\PascalABCSaushkinParser.csproj", "{1443F539-DCC7-4491-B4FD-B716C739DB3C}"
EndProject
Project("{FAE04EC0-301F-11D3-BF4B-00C04F79EFBC}") = "LanguageIntegrator", "LanguageIntegrator\LanguageIntegrator.csproj", "{A48D9069-D569-4110-9252-A10F139B669B}"
EndProject
Project("{FAE04EC0-301F-11D3-BF4B-00C04F79EFBC}") = "AssignTupleDesugar", "AssignTupleOptimizer\AssignTupleDesugar.csproj", "{ADD567B7-8157-45E8-9673-FC6BCF5930D1}"
EndProject
Global
	GlobalSection(SolutionConfigurationPlatforms) = preSolution
		Debug|Any CPU = Debug|Any CPU
		Debug|Mixed Platforms = Debug|Mixed Platforms
		Debug|x86 = Debug|x86
		Release|Any CPU = Release|Any CPU
		Release|Mixed Platforms = Release|Mixed Platforms
		Release|x86 = Release|x86
	EndGlobalSection
	GlobalSection(ProjectConfigurationPlatforms) = postSolution
		{CFC683F8-0165-4A9F-9C3F-BB8C5BAB507F}.Debug|Any CPU.ActiveCfg = Debug|Any CPU
		{CFC683F8-0165-4A9F-9C3F-BB8C5BAB507F}.Debug|Any CPU.Build.0 = Debug|Any CPU
		{CFC683F8-0165-4A9F-9C3F-BB8C5BAB507F}.Debug|Mixed Platforms.ActiveCfg = Debug|Any CPU
		{CFC683F8-0165-4A9F-9C3F-BB8C5BAB507F}.Debug|Mixed Platforms.Build.0 = Debug|Any CPU
		{CFC683F8-0165-4A9F-9C3F-BB8C5BAB507F}.Debug|x86.ActiveCfg = Debug|Any CPU
		{CFC683F8-0165-4A9F-9C3F-BB8C5BAB507F}.Release|Any CPU.ActiveCfg = Release|Any CPU
		{CFC683F8-0165-4A9F-9C3F-BB8C5BAB507F}.Release|Any CPU.Build.0 = Release|Any CPU
		{CFC683F8-0165-4A9F-9C3F-BB8C5BAB507F}.Release|Mixed Platforms.ActiveCfg = Release|Any CPU
		{CFC683F8-0165-4A9F-9C3F-BB8C5BAB507F}.Release|Mixed Platforms.Build.0 = Release|Any CPU
		{CFC683F8-0165-4A9F-9C3F-BB8C5BAB507F}.Release|x86.ActiveCfg = Release|Any CPU
		{BC35F816-54EE-47E0-89FC-1C66EAC155A9}.Debug|Any CPU.ActiveCfg = Debug|Any CPU
		{BC35F816-54EE-47E0-89FC-1C66EAC155A9}.Debug|Any CPU.Build.0 = Debug|Any CPU
		{BC35F816-54EE-47E0-89FC-1C66EAC155A9}.Debug|Mixed Platforms.ActiveCfg = Debug|Any CPU
		{BC35F816-54EE-47E0-89FC-1C66EAC155A9}.Debug|Mixed Platforms.Build.0 = Debug|Any CPU
		{BC35F816-54EE-47E0-89FC-1C66EAC155A9}.Debug|x86.ActiveCfg = Debug|Any CPU
		{BC35F816-54EE-47E0-89FC-1C66EAC155A9}.Release|Any CPU.ActiveCfg = Release|Any CPU
		{BC35F816-54EE-47E0-89FC-1C66EAC155A9}.Release|Any CPU.Build.0 = Release|Any CPU
		{BC35F816-54EE-47E0-89FC-1C66EAC155A9}.Release|Mixed Platforms.ActiveCfg = Release|Any CPU
		{BC35F816-54EE-47E0-89FC-1C66EAC155A9}.Release|Mixed Platforms.Build.0 = Release|Any CPU
		{BC35F816-54EE-47E0-89FC-1C66EAC155A9}.Release|x86.ActiveCfg = Release|Any CPU
		{DBE875B5-6187-45D8-8B75-2E43CC513A60}.Debug|Any CPU.ActiveCfg = Debug|Any CPU
		{DBE875B5-6187-45D8-8B75-2E43CC513A60}.Debug|Any CPU.Build.0 = Debug|Any CPU
		{DBE875B5-6187-45D8-8B75-2E43CC513A60}.Debug|Mixed Platforms.ActiveCfg = Debug|Any CPU
		{DBE875B5-6187-45D8-8B75-2E43CC513A60}.Debug|Mixed Platforms.Build.0 = Debug|Any CPU
		{DBE875B5-6187-45D8-8B75-2E43CC513A60}.Debug|x86.ActiveCfg = Debug|Any CPU
		{DBE875B5-6187-45D8-8B75-2E43CC513A60}.Release|Any CPU.ActiveCfg = Release|Any CPU
		{DBE875B5-6187-45D8-8B75-2E43CC513A60}.Release|Any CPU.Build.0 = Release|Any CPU
		{DBE875B5-6187-45D8-8B75-2E43CC513A60}.Release|Mixed Platforms.ActiveCfg = Release|Any CPU
		{DBE875B5-6187-45D8-8B75-2E43CC513A60}.Release|Mixed Platforms.Build.0 = Release|Any CPU
		{DBE875B5-6187-45D8-8B75-2E43CC513A60}.Release|x86.ActiveCfg = Release|Any CPU
		{43879684-ADBE-470A-AAC6-2ACA36603971}.Debug|Any CPU.ActiveCfg = Debug|Any CPU
		{43879684-ADBE-470A-AAC6-2ACA36603971}.Debug|Any CPU.Build.0 = Debug|Any CPU
		{43879684-ADBE-470A-AAC6-2ACA36603971}.Debug|Mixed Platforms.ActiveCfg = Debug|Any CPU
		{43879684-ADBE-470A-AAC6-2ACA36603971}.Debug|Mixed Platforms.Build.0 = Debug|Any CPU
		{43879684-ADBE-470A-AAC6-2ACA36603971}.Debug|x86.ActiveCfg = Debug|Any CPU
		{43879684-ADBE-470A-AAC6-2ACA36603971}.Release|Any CPU.ActiveCfg = Release|Any CPU
		{43879684-ADBE-470A-AAC6-2ACA36603971}.Release|Any CPU.Build.0 = Release|Any CPU
		{43879684-ADBE-470A-AAC6-2ACA36603971}.Release|Mixed Platforms.ActiveCfg = Release|Any CPU
		{43879684-ADBE-470A-AAC6-2ACA36603971}.Release|Mixed Platforms.Build.0 = Release|Any CPU
		{43879684-ADBE-470A-AAC6-2ACA36603971}.Release|x86.ActiveCfg = Release|Any CPU
		{50F4AB3F-0A1E-4AF9-88CF-48A8D3E1D1D7}.Debug|Any CPU.ActiveCfg = Debug|Any CPU
		{50F4AB3F-0A1E-4AF9-88CF-48A8D3E1D1D7}.Debug|Any CPU.Build.0 = Debug|Any CPU
		{50F4AB3F-0A1E-4AF9-88CF-48A8D3E1D1D7}.Debug|Mixed Platforms.ActiveCfg = Debug|Any CPU
		{50F4AB3F-0A1E-4AF9-88CF-48A8D3E1D1D7}.Debug|Mixed Platforms.Build.0 = Debug|Any CPU
		{50F4AB3F-0A1E-4AF9-88CF-48A8D3E1D1D7}.Debug|x86.ActiveCfg = Debug|Any CPU
		{50F4AB3F-0A1E-4AF9-88CF-48A8D3E1D1D7}.Release|Any CPU.ActiveCfg = Release|Any CPU
		{50F4AB3F-0A1E-4AF9-88CF-48A8D3E1D1D7}.Release|Any CPU.Build.0 = Release|Any CPU
		{50F4AB3F-0A1E-4AF9-88CF-48A8D3E1D1D7}.Release|Mixed Platforms.ActiveCfg = Release|Any CPU
		{50F4AB3F-0A1E-4AF9-88CF-48A8D3E1D1D7}.Release|Mixed Platforms.Build.0 = Release|Any CPU
		{50F4AB3F-0A1E-4AF9-88CF-48A8D3E1D1D7}.Release|x86.ActiveCfg = Release|Any CPU
		{A36031B7-D3D1-4372-B478-07621069602E}.Debug|Any CPU.ActiveCfg = Debug|Any CPU
		{A36031B7-D3D1-4372-B478-07621069602E}.Debug|Any CPU.Build.0 = Debug|Any CPU
		{A36031B7-D3D1-4372-B478-07621069602E}.Debug|Mixed Platforms.ActiveCfg = Debug|Any CPU
		{A36031B7-D3D1-4372-B478-07621069602E}.Debug|Mixed Platforms.Build.0 = Debug|Any CPU
		{A36031B7-D3D1-4372-B478-07621069602E}.Debug|x86.ActiveCfg = Debug|Any CPU
		{A36031B7-D3D1-4372-B478-07621069602E}.Release|Any CPU.ActiveCfg = Release|Any CPU
		{A36031B7-D3D1-4372-B478-07621069602E}.Release|Any CPU.Build.0 = Release|Any CPU
		{A36031B7-D3D1-4372-B478-07621069602E}.Release|Mixed Platforms.ActiveCfg = Release|Any CPU
		{A36031B7-D3D1-4372-B478-07621069602E}.Release|Mixed Platforms.Build.0 = Release|Any CPU
		{A36031B7-D3D1-4372-B478-07621069602E}.Release|x86.ActiveCfg = Release|Any CPU
		{1437FD01-0741-4912-8035-6BDFEAA45626}.Debug|Any CPU.ActiveCfg = Debug|Any CPU
		{1437FD01-0741-4912-8035-6BDFEAA45626}.Debug|Any CPU.Build.0 = Debug|Any CPU
		{1437FD01-0741-4912-8035-6BDFEAA45626}.Debug|Mixed Platforms.ActiveCfg = Debug|Any CPU
		{1437FD01-0741-4912-8035-6BDFEAA45626}.Debug|Mixed Platforms.Build.0 = Debug|Any CPU
		{1437FD01-0741-4912-8035-6BDFEAA45626}.Debug|x86.ActiveCfg = Debug|Any CPU
		{1437FD01-0741-4912-8035-6BDFEAA45626}.Release|Any CPU.ActiveCfg = Release|Any CPU
		{1437FD01-0741-4912-8035-6BDFEAA45626}.Release|Any CPU.Build.0 = Release|Any CPU
		{1437FD01-0741-4912-8035-6BDFEAA45626}.Release|Mixed Platforms.ActiveCfg = Release|Any CPU
		{1437FD01-0741-4912-8035-6BDFEAA45626}.Release|Mixed Platforms.Build.0 = Release|Any CPU
		{1437FD01-0741-4912-8035-6BDFEAA45626}.Release|x86.ActiveCfg = Release|Any CPU
		{4A9AC1AA-698E-49C2-B1ED-15B5E4AB963D}.Debug|Any CPU.ActiveCfg = Debug|Any CPU
		{4A9AC1AA-698E-49C2-B1ED-15B5E4AB963D}.Debug|Any CPU.Build.0 = Debug|Any CPU
		{4A9AC1AA-698E-49C2-B1ED-15B5E4AB963D}.Debug|Mixed Platforms.ActiveCfg = Debug|Any CPU
		{4A9AC1AA-698E-49C2-B1ED-15B5E4AB963D}.Debug|Mixed Platforms.Build.0 = Debug|Any CPU
		{4A9AC1AA-698E-49C2-B1ED-15B5E4AB963D}.Debug|x86.ActiveCfg = Debug|Any CPU
		{4A9AC1AA-698E-49C2-B1ED-15B5E4AB963D}.Release|Any CPU.ActiveCfg = Release|Any CPU
		{4A9AC1AA-698E-49C2-B1ED-15B5E4AB963D}.Release|Any CPU.Build.0 = Release|Any CPU
		{4A9AC1AA-698E-49C2-B1ED-15B5E4AB963D}.Release|Mixed Platforms.ActiveCfg = Release|Any CPU
		{4A9AC1AA-698E-49C2-B1ED-15B5E4AB963D}.Release|Mixed Platforms.Build.0 = Release|Any CPU
		{4A9AC1AA-698E-49C2-B1ED-15B5E4AB963D}.Release|x86.ActiveCfg = Release|Any CPU
		{FFF73A7C-22E5-4BB6-B7AA-6A0DC970DFDF}.Debug|Any CPU.ActiveCfg = Debug|Any CPU
		{FFF73A7C-22E5-4BB6-B7AA-6A0DC970DFDF}.Debug|Any CPU.Build.0 = Debug|Any CPU
		{FFF73A7C-22E5-4BB6-B7AA-6A0DC970DFDF}.Debug|Mixed Platforms.ActiveCfg = Debug|Any CPU
		{FFF73A7C-22E5-4BB6-B7AA-6A0DC970DFDF}.Debug|Mixed Platforms.Build.0 = Debug|Any CPU
		{FFF73A7C-22E5-4BB6-B7AA-6A0DC970DFDF}.Debug|x86.ActiveCfg = Debug|Any CPU
		{FFF73A7C-22E5-4BB6-B7AA-6A0DC970DFDF}.Release|Any CPU.ActiveCfg = Release|Any CPU
		{FFF73A7C-22E5-4BB6-B7AA-6A0DC970DFDF}.Release|Any CPU.Build.0 = Release|Any CPU
		{FFF73A7C-22E5-4BB6-B7AA-6A0DC970DFDF}.Release|Mixed Platforms.ActiveCfg = Release|Any CPU
		{FFF73A7C-22E5-4BB6-B7AA-6A0DC970DFDF}.Release|Mixed Platforms.Build.0 = Release|Any CPU
		{FFF73A7C-22E5-4BB6-B7AA-6A0DC970DFDF}.Release|x86.ActiveCfg = Release|Any CPU
		{1E42361A-EDA3-4872-88AF-A3AAF600D36D}.Debug|Any CPU.ActiveCfg = Debug|Any CPU
		{1E42361A-EDA3-4872-88AF-A3AAF600D36D}.Debug|Any CPU.Build.0 = Debug|Any CPU
		{1E42361A-EDA3-4872-88AF-A3AAF600D36D}.Debug|Mixed Platforms.ActiveCfg = Debug|Any CPU
		{1E42361A-EDA3-4872-88AF-A3AAF600D36D}.Debug|Mixed Platforms.Build.0 = Debug|Any CPU
		{1E42361A-EDA3-4872-88AF-A3AAF600D36D}.Debug|x86.ActiveCfg = Debug|Any CPU
		{1E42361A-EDA3-4872-88AF-A3AAF600D36D}.Release|Any CPU.ActiveCfg = Release|Any CPU
		{1E42361A-EDA3-4872-88AF-A3AAF600D36D}.Release|Any CPU.Build.0 = Release|Any CPU
		{1E42361A-EDA3-4872-88AF-A3AAF600D36D}.Release|Mixed Platforms.ActiveCfg = Release|Any CPU
		{1E42361A-EDA3-4872-88AF-A3AAF600D36D}.Release|Mixed Platforms.Build.0 = Release|Any CPU
		{1E42361A-EDA3-4872-88AF-A3AAF600D36D}.Release|x86.ActiveCfg = Release|Any CPU
		{A25D26FB-3043-4BCF-833E-E3F4C3BE795E}.Debug|Any CPU.ActiveCfg = Debug|Any CPU
		{A25D26FB-3043-4BCF-833E-E3F4C3BE795E}.Debug|Any CPU.Build.0 = Debug|Any CPU
		{A25D26FB-3043-4BCF-833E-E3F4C3BE795E}.Debug|Mixed Platforms.ActiveCfg = Debug|Any CPU
		{A25D26FB-3043-4BCF-833E-E3F4C3BE795E}.Debug|Mixed Platforms.Build.0 = Debug|Any CPU
		{A25D26FB-3043-4BCF-833E-E3F4C3BE795E}.Debug|x86.ActiveCfg = Debug|Any CPU
		{A25D26FB-3043-4BCF-833E-E3F4C3BE795E}.Release|Any CPU.ActiveCfg = Release|Any CPU
		{A25D26FB-3043-4BCF-833E-E3F4C3BE795E}.Release|Any CPU.Build.0 = Release|Any CPU
		{A25D26FB-3043-4BCF-833E-E3F4C3BE795E}.Release|Mixed Platforms.ActiveCfg = Release|Any CPU
		{A25D26FB-3043-4BCF-833E-E3F4C3BE795E}.Release|Mixed Platforms.Build.0 = Release|Any CPU
		{A25D26FB-3043-4BCF-833E-E3F4C3BE795E}.Release|x86.ActiveCfg = Release|Any CPU
		{7FE7173B-22EB-46E5-897B-02F422662E51}.Debug|Any CPU.ActiveCfg = Debug|Any CPU
		{7FE7173B-22EB-46E5-897B-02F422662E51}.Debug|Any CPU.Build.0 = Debug|Any CPU
		{7FE7173B-22EB-46E5-897B-02F422662E51}.Debug|Mixed Platforms.ActiveCfg = Debug|Any CPU
		{7FE7173B-22EB-46E5-897B-02F422662E51}.Debug|Mixed Platforms.Build.0 = Debug|Any CPU
		{7FE7173B-22EB-46E5-897B-02F422662E51}.Debug|x86.ActiveCfg = Debug|Any CPU
		{7FE7173B-22EB-46E5-897B-02F422662E51}.Release|Any CPU.ActiveCfg = Release|Any CPU
		{7FE7173B-22EB-46E5-897B-02F422662E51}.Release|Any CPU.Build.0 = Release|Any CPU
		{7FE7173B-22EB-46E5-897B-02F422662E51}.Release|Mixed Platforms.ActiveCfg = Release|Any CPU
		{7FE7173B-22EB-46E5-897B-02F422662E51}.Release|Mixed Platforms.Build.0 = Release|Any CPU
		{7FE7173B-22EB-46E5-897B-02F422662E51}.Release|x86.ActiveCfg = Release|Any CPU
		{2AEF58A1-2BCF-4C4B-AB03-F44BBB2628E6}.Debug|Any CPU.ActiveCfg = Debug|Any CPU
		{2AEF58A1-2BCF-4C4B-AB03-F44BBB2628E6}.Debug|Any CPU.Build.0 = Debug|Any CPU
		{2AEF58A1-2BCF-4C4B-AB03-F44BBB2628E6}.Debug|Mixed Platforms.ActiveCfg = Debug|Any CPU
		{2AEF58A1-2BCF-4C4B-AB03-F44BBB2628E6}.Debug|Mixed Platforms.Build.0 = Debug|Any CPU
		{2AEF58A1-2BCF-4C4B-AB03-F44BBB2628E6}.Debug|x86.ActiveCfg = Debug|Any CPU
		{2AEF58A1-2BCF-4C4B-AB03-F44BBB2628E6}.Release|Any CPU.ActiveCfg = Release|Any CPU
		{2AEF58A1-2BCF-4C4B-AB03-F44BBB2628E6}.Release|Any CPU.Build.0 = Release|Any CPU
		{2AEF58A1-2BCF-4C4B-AB03-F44BBB2628E6}.Release|Mixed Platforms.ActiveCfg = Release|Any CPU
		{2AEF58A1-2BCF-4C4B-AB03-F44BBB2628E6}.Release|Mixed Platforms.Build.0 = Release|Any CPU
		{2AEF58A1-2BCF-4C4B-AB03-F44BBB2628E6}.Release|x86.ActiveCfg = Release|Any CPU
		{1C9C945A-586D-42A2-A06B-65D84FA7FF78}.Debug|Any CPU.ActiveCfg = Debug|Any CPU
		{1C9C945A-586D-42A2-A06B-65D84FA7FF78}.Debug|Any CPU.Build.0 = Debug|Any CPU
		{1C9C945A-586D-42A2-A06B-65D84FA7FF78}.Debug|Mixed Platforms.ActiveCfg = Debug|Any CPU
		{1C9C945A-586D-42A2-A06B-65D84FA7FF78}.Debug|Mixed Platforms.Build.0 = Debug|Any CPU
		{1C9C945A-586D-42A2-A06B-65D84FA7FF78}.Debug|x86.ActiveCfg = Debug|Any CPU
		{1C9C945A-586D-42A2-A06B-65D84FA7FF78}.Release|Any CPU.ActiveCfg = Release|Any CPU
		{1C9C945A-586D-42A2-A06B-65D84FA7FF78}.Release|Any CPU.Build.0 = Release|Any CPU
		{1C9C945A-586D-42A2-A06B-65D84FA7FF78}.Release|Mixed Platforms.ActiveCfg = Release|Any CPU
		{1C9C945A-586D-42A2-A06B-65D84FA7FF78}.Release|Mixed Platforms.Build.0 = Release|Any CPU
		{1C9C945A-586D-42A2-A06B-65D84FA7FF78}.Release|x86.ActiveCfg = Release|Any CPU
		{AF2EFD7B-69DD-4B43-AF65-B59B29349C23}.Debug|Any CPU.ActiveCfg = Debug|Any CPU
		{AF2EFD7B-69DD-4B43-AF65-B59B29349C23}.Debug|Any CPU.Build.0 = Debug|Any CPU
		{AF2EFD7B-69DD-4B43-AF65-B59B29349C23}.Debug|Mixed Platforms.ActiveCfg = Debug|Any CPU
		{AF2EFD7B-69DD-4B43-AF65-B59B29349C23}.Debug|Mixed Platforms.Build.0 = Debug|Any CPU
		{AF2EFD7B-69DD-4B43-AF65-B59B29349C23}.Debug|x86.ActiveCfg = Debug|Any CPU
		{AF2EFD7B-69DD-4B43-AF65-B59B29349C23}.Release|Any CPU.ActiveCfg = Release|Any CPU
		{AF2EFD7B-69DD-4B43-AF65-B59B29349C23}.Release|Any CPU.Build.0 = Release|Any CPU
		{AF2EFD7B-69DD-4B43-AF65-B59B29349C23}.Release|Mixed Platforms.ActiveCfg = Release|Any CPU
		{AF2EFD7B-69DD-4B43-AF65-B59B29349C23}.Release|Mixed Platforms.Build.0 = Release|Any CPU
		{AF2EFD7B-69DD-4B43-AF65-B59B29349C23}.Release|x86.ActiveCfg = Release|Any CPU
		{44A01F9E-DCE7-470C-AAE5-C3DE0CCBEE3B}.Debug|Any CPU.ActiveCfg = Debug|Any CPU
		{44A01F9E-DCE7-470C-AAE5-C3DE0CCBEE3B}.Debug|Any CPU.Build.0 = Debug|Any CPU
		{44A01F9E-DCE7-470C-AAE5-C3DE0CCBEE3B}.Debug|Mixed Platforms.ActiveCfg = Debug|Any CPU
		{44A01F9E-DCE7-470C-AAE5-C3DE0CCBEE3B}.Debug|Mixed Platforms.Build.0 = Debug|Any CPU
		{44A01F9E-DCE7-470C-AAE5-C3DE0CCBEE3B}.Debug|x86.ActiveCfg = Debug|Any CPU
		{44A01F9E-DCE7-470C-AAE5-C3DE0CCBEE3B}.Release|Any CPU.ActiveCfg = Release|Any CPU
		{44A01F9E-DCE7-470C-AAE5-C3DE0CCBEE3B}.Release|Any CPU.Build.0 = Release|Any CPU
		{44A01F9E-DCE7-470C-AAE5-C3DE0CCBEE3B}.Release|Mixed Platforms.ActiveCfg = Release|Any CPU
		{44A01F9E-DCE7-470C-AAE5-C3DE0CCBEE3B}.Release|Mixed Platforms.Build.0 = Release|Any CPU
		{44A01F9E-DCE7-470C-AAE5-C3DE0CCBEE3B}.Release|x86.ActiveCfg = Release|Any CPU
		{10679470-FE1B-4193-A203-D940CF0AEA54}.Debug|Any CPU.ActiveCfg = Debug|Any CPU
		{10679470-FE1B-4193-A203-D940CF0AEA54}.Debug|Any CPU.Build.0 = Debug|Any CPU
		{10679470-FE1B-4193-A203-D940CF0AEA54}.Debug|Mixed Platforms.ActiveCfg = Debug|Any CPU
		{10679470-FE1B-4193-A203-D940CF0AEA54}.Debug|Mixed Platforms.Build.0 = Debug|Any CPU
		{10679470-FE1B-4193-A203-D940CF0AEA54}.Debug|x86.ActiveCfg = Debug|Any CPU
		{10679470-FE1B-4193-A203-D940CF0AEA54}.Release|Any CPU.ActiveCfg = Release|Any CPU
		{10679470-FE1B-4193-A203-D940CF0AEA54}.Release|Any CPU.Build.0 = Release|Any CPU
		{10679470-FE1B-4193-A203-D940CF0AEA54}.Release|Mixed Platforms.ActiveCfg = Release|Any CPU
		{10679470-FE1B-4193-A203-D940CF0AEA54}.Release|Mixed Platforms.Build.0 = Release|Any CPU
		{10679470-FE1B-4193-A203-D940CF0AEA54}.Release|x86.ActiveCfg = Release|Any CPU
		{1AB15F6E-C22E-499A-A7ED-54BA7DE5CFA6}.Debug|Any CPU.ActiveCfg = Debug|Any CPU
		{1AB15F6E-C22E-499A-A7ED-54BA7DE5CFA6}.Debug|Any CPU.Build.0 = Debug|Any CPU
		{1AB15F6E-C22E-499A-A7ED-54BA7DE5CFA6}.Debug|Mixed Platforms.ActiveCfg = Debug|Any CPU
		{1AB15F6E-C22E-499A-A7ED-54BA7DE5CFA6}.Debug|Mixed Platforms.Build.0 = Debug|Any CPU
		{1AB15F6E-C22E-499A-A7ED-54BA7DE5CFA6}.Debug|x86.ActiveCfg = Debug|Any CPU
		{1AB15F6E-C22E-499A-A7ED-54BA7DE5CFA6}.Release|Any CPU.ActiveCfg = Release|Any CPU
		{1AB15F6E-C22E-499A-A7ED-54BA7DE5CFA6}.Release|Any CPU.Build.0 = Release|Any CPU
		{1AB15F6E-C22E-499A-A7ED-54BA7DE5CFA6}.Release|Mixed Platforms.ActiveCfg = Release|Any CPU
		{1AB15F6E-C22E-499A-A7ED-54BA7DE5CFA6}.Release|Mixed Platforms.Build.0 = Release|Any CPU
		{1AB15F6E-C22E-499A-A7ED-54BA7DE5CFA6}.Release|x86.ActiveCfg = Release|Any CPU
		{1D51D03C-FB74-4AB2-84B4-09EB077BEAFE}.Debug|Any CPU.ActiveCfg = Debug|Any CPU
		{1D51D03C-FB74-4AB2-84B4-09EB077BEAFE}.Debug|Any CPU.Build.0 = Debug|Any CPU
		{1D51D03C-FB74-4AB2-84B4-09EB077BEAFE}.Debug|Mixed Platforms.ActiveCfg = Debug|Any CPU
		{1D51D03C-FB74-4AB2-84B4-09EB077BEAFE}.Debug|Mixed Platforms.Build.0 = Debug|Any CPU
		{1D51D03C-FB74-4AB2-84B4-09EB077BEAFE}.Debug|x86.ActiveCfg = Debug|Any CPU
		{1D51D03C-FB74-4AB2-84B4-09EB077BEAFE}.Release|Any CPU.ActiveCfg = Release|Any CPU
		{1D51D03C-FB74-4AB2-84B4-09EB077BEAFE}.Release|Any CPU.Build.0 = Release|Any CPU
		{1D51D03C-FB74-4AB2-84B4-09EB077BEAFE}.Release|Mixed Platforms.ActiveCfg = Release|Any CPU
		{1D51D03C-FB74-4AB2-84B4-09EB077BEAFE}.Release|Mixed Platforms.Build.0 = Release|Any CPU
		{1D51D03C-FB74-4AB2-84B4-09EB077BEAFE}.Release|x86.ActiveCfg = Release|Any CPU
		{C2CAC65A-B2AE-4CCC-B067-E6B8E75DF73A}.Debug|Any CPU.ActiveCfg = Debug|Any CPU
		{C2CAC65A-B2AE-4CCC-B067-E6B8E75DF73A}.Debug|Any CPU.Build.0 = Debug|Any CPU
		{C2CAC65A-B2AE-4CCC-B067-E6B8E75DF73A}.Debug|Mixed Platforms.ActiveCfg = Debug|Any CPU
		{C2CAC65A-B2AE-4CCC-B067-E6B8E75DF73A}.Debug|Mixed Platforms.Build.0 = Debug|Any CPU
		{C2CAC65A-B2AE-4CCC-B067-E6B8E75DF73A}.Debug|x86.ActiveCfg = Debug|Any CPU
		{C2CAC65A-B2AE-4CCC-B067-E6B8E75DF73A}.Release|Any CPU.ActiveCfg = Release|Any CPU
		{C2CAC65A-B2AE-4CCC-B067-E6B8E75DF73A}.Release|Any CPU.Build.0 = Release|Any CPU
		{C2CAC65A-B2AE-4CCC-B067-E6B8E75DF73A}.Release|Mixed Platforms.ActiveCfg = Release|Any CPU
		{C2CAC65A-B2AE-4CCC-B067-E6B8E75DF73A}.Release|Mixed Platforms.Build.0 = Release|Any CPU
		{C2CAC65A-B2AE-4CCC-B067-E6B8E75DF73A}.Release|x86.ActiveCfg = Release|Any CPU
		{613E0DDA-AA8A-437C-AC45-507B47429FF9}.Debug|Any CPU.ActiveCfg = Debug|Any CPU
		{613E0DDA-AA8A-437C-AC45-507B47429FF9}.Debug|Any CPU.Build.0 = Debug|Any CPU
		{613E0DDA-AA8A-437C-AC45-507B47429FF9}.Debug|Mixed Platforms.ActiveCfg = Debug|Any CPU
		{613E0DDA-AA8A-437C-AC45-507B47429FF9}.Debug|Mixed Platforms.Build.0 = Debug|Any CPU
		{613E0DDA-AA8A-437C-AC45-507B47429FF9}.Debug|x86.ActiveCfg = Debug|Any CPU
		{613E0DDA-AA8A-437C-AC45-507B47429FF9}.Release|Any CPU.ActiveCfg = Release|Any CPU
		{613E0DDA-AA8A-437C-AC45-507B47429FF9}.Release|Any CPU.Build.0 = Release|Any CPU
		{613E0DDA-AA8A-437C-AC45-507B47429FF9}.Release|Mixed Platforms.ActiveCfg = Release|Any CPU
		{613E0DDA-AA8A-437C-AC45-507B47429FF9}.Release|Mixed Platforms.Build.0 = Release|Any CPU
		{613E0DDA-AA8A-437C-AC45-507B47429FF9}.Release|x86.ActiveCfg = Release|Any CPU
		{2DE2842F-0912-4251-BC0F-480854C44A13}.Debug|Any CPU.ActiveCfg = Debug|Any CPU
		{2DE2842F-0912-4251-BC0F-480854C44A13}.Debug|Any CPU.Build.0 = Debug|Any CPU
		{2DE2842F-0912-4251-BC0F-480854C44A13}.Debug|Mixed Platforms.ActiveCfg = Debug|Any CPU
		{2DE2842F-0912-4251-BC0F-480854C44A13}.Debug|Mixed Platforms.Build.0 = Debug|Any CPU
		{2DE2842F-0912-4251-BC0F-480854C44A13}.Debug|x86.ActiveCfg = Debug|Any CPU
		{2DE2842F-0912-4251-BC0F-480854C44A13}.Release|Any CPU.ActiveCfg = Release|Any CPU
		{2DE2842F-0912-4251-BC0F-480854C44A13}.Release|Any CPU.Build.0 = Release|Any CPU
		{2DE2842F-0912-4251-BC0F-480854C44A13}.Release|Mixed Platforms.ActiveCfg = Release|Any CPU
		{2DE2842F-0912-4251-BC0F-480854C44A13}.Release|Mixed Platforms.Build.0 = Release|Any CPU
		{2DE2842F-0912-4251-BC0F-480854C44A13}.Release|x86.ActiveCfg = Release|Any CPU
		{2748AD25-9C63-4E12-877B-4DCE96FBED54}.Debug|Any CPU.ActiveCfg = Debug|Any CPU
		{2748AD25-9C63-4E12-877B-4DCE96FBED54}.Debug|Any CPU.Build.0 = Debug|Any CPU
		{2748AD25-9C63-4E12-877B-4DCE96FBED54}.Debug|Mixed Platforms.ActiveCfg = Debug|Any CPU
		{2748AD25-9C63-4E12-877B-4DCE96FBED54}.Debug|Mixed Platforms.Build.0 = Debug|Any CPU
		{2748AD25-9C63-4E12-877B-4DCE96FBED54}.Debug|x86.ActiveCfg = Debug|Any CPU
		{2748AD25-9C63-4E12-877B-4DCE96FBED54}.Release|Any CPU.ActiveCfg = Release|Any CPU
		{2748AD25-9C63-4E12-877B-4DCE96FBED54}.Release|Any CPU.Build.0 = Release|Any CPU
		{2748AD25-9C63-4E12-877B-4DCE96FBED54}.Release|Mixed Platforms.ActiveCfg = Release|Any CPU
		{2748AD25-9C63-4E12-877B-4DCE96FBED54}.Release|Mixed Platforms.Build.0 = Release|Any CPU
		{2748AD25-9C63-4E12-877B-4DCE96FBED54}.Release|x86.ActiveCfg = Release|Any CPU
		{35CEF10F-2D4C-45F2-9DD1-161E0FEC583C}.Debug|Any CPU.ActiveCfg = Debug|Any CPU
		{35CEF10F-2D4C-45F2-9DD1-161E0FEC583C}.Debug|Any CPU.Build.0 = Debug|Any CPU
		{35CEF10F-2D4C-45F2-9DD1-161E0FEC583C}.Debug|Mixed Platforms.ActiveCfg = Debug|Any CPU
		{35CEF10F-2D4C-45F2-9DD1-161E0FEC583C}.Debug|Mixed Platforms.Build.0 = Debug|Any CPU
		{35CEF10F-2D4C-45F2-9DD1-161E0FEC583C}.Debug|x86.ActiveCfg = Debug|Any CPU
		{35CEF10F-2D4C-45F2-9DD1-161E0FEC583C}.Release|Any CPU.ActiveCfg = Release|Any CPU
		{35CEF10F-2D4C-45F2-9DD1-161E0FEC583C}.Release|Any CPU.Build.0 = Release|Any CPU
		{35CEF10F-2D4C-45F2-9DD1-161E0FEC583C}.Release|Mixed Platforms.ActiveCfg = Release|Any CPU
		{35CEF10F-2D4C-45F2-9DD1-161E0FEC583C}.Release|Mixed Platforms.Build.0 = Release|Any CPU
		{35CEF10F-2D4C-45F2-9DD1-161E0FEC583C}.Release|x86.ActiveCfg = Release|Any CPU
		{7E4A7172-7FF5-48D0-B719-7CD959DD1AC9}.Debug|Any CPU.ActiveCfg = Debug|Any CPU
		{7E4A7172-7FF5-48D0-B719-7CD959DD1AC9}.Debug|Any CPU.Build.0 = Debug|Any CPU
		{7E4A7172-7FF5-48D0-B719-7CD959DD1AC9}.Debug|Mixed Platforms.ActiveCfg = Debug|Any CPU
		{7E4A7172-7FF5-48D0-B719-7CD959DD1AC9}.Debug|Mixed Platforms.Build.0 = Debug|Any CPU
		{7E4A7172-7FF5-48D0-B719-7CD959DD1AC9}.Debug|x86.ActiveCfg = Debug|Any CPU
		{7E4A7172-7FF5-48D0-B719-7CD959DD1AC9}.Release|Any CPU.ActiveCfg = Release|Any CPU
		{7E4A7172-7FF5-48D0-B719-7CD959DD1AC9}.Release|Any CPU.Build.0 = Release|Any CPU
		{7E4A7172-7FF5-48D0-B719-7CD959DD1AC9}.Release|Mixed Platforms.ActiveCfg = Release|Any CPU
		{7E4A7172-7FF5-48D0-B719-7CD959DD1AC9}.Release|Mixed Platforms.Build.0 = Release|Any CPU
		{7E4A7172-7FF5-48D0-B719-7CD959DD1AC9}.Release|x86.ActiveCfg = Release|Any CPU
		{857CA1A3-FC88-4BE0-AB6A-D1EE772AB288}.Debug|Any CPU.ActiveCfg = Debug|Any CPU
		{857CA1A3-FC88-4BE0-AB6A-D1EE772AB288}.Debug|Any CPU.Build.0 = Debug|Any CPU
		{857CA1A3-FC88-4BE0-AB6A-D1EE772AB288}.Debug|Mixed Platforms.ActiveCfg = Debug|Any CPU
		{857CA1A3-FC88-4BE0-AB6A-D1EE772AB288}.Debug|Mixed Platforms.Build.0 = Debug|Any CPU
		{857CA1A3-FC88-4BE0-AB6A-D1EE772AB288}.Debug|x86.ActiveCfg = Debug|Any CPU
		{857CA1A3-FC88-4BE0-AB6A-D1EE772AB288}.Release|Any CPU.ActiveCfg = Release|Any CPU
		{857CA1A3-FC88-4BE0-AB6A-D1EE772AB288}.Release|Any CPU.Build.0 = Release|Any CPU
		{857CA1A3-FC88-4BE0-AB6A-D1EE772AB288}.Release|Mixed Platforms.ActiveCfg = Release|Any CPU
		{857CA1A3-FC88-4BE0-AB6A-D1EE772AB288}.Release|Mixed Platforms.Build.0 = Release|Any CPU
		{857CA1A3-FC88-4BE0-AB6A-D1EE772AB288}.Release|x86.ActiveCfg = Release|Any CPU
		{146083AD-6684-4EBC-A539-AAD749A16364}.Debug|Any CPU.ActiveCfg = Debug|Any CPU
		{146083AD-6684-4EBC-A539-AAD749A16364}.Debug|Any CPU.Build.0 = Debug|Any CPU
		{146083AD-6684-4EBC-A539-AAD749A16364}.Debug|Mixed Platforms.ActiveCfg = Debug|Any CPU
		{146083AD-6684-4EBC-A539-AAD749A16364}.Debug|Mixed Platforms.Build.0 = Debug|Any CPU
		{146083AD-6684-4EBC-A539-AAD749A16364}.Debug|x86.ActiveCfg = Debug|Any CPU
		{146083AD-6684-4EBC-A539-AAD749A16364}.Release|Any CPU.ActiveCfg = Release|Any CPU
		{146083AD-6684-4EBC-A539-AAD749A16364}.Release|Any CPU.Build.0 = Release|Any CPU
		{146083AD-6684-4EBC-A539-AAD749A16364}.Release|Mixed Platforms.ActiveCfg = Release|Any CPU
		{146083AD-6684-4EBC-A539-AAD749A16364}.Release|Mixed Platforms.Build.0 = Release|Any CPU
		{146083AD-6684-4EBC-A539-AAD749A16364}.Release|x86.ActiveCfg = Release|Any CPU
		{F10A5330-DCF4-4533-877C-7B1B1BE23884}.Debug|Any CPU.ActiveCfg = Debug|Any CPU
		{F10A5330-DCF4-4533-877C-7B1B1BE23884}.Debug|Any CPU.Build.0 = Debug|Any CPU
		{F10A5330-DCF4-4533-877C-7B1B1BE23884}.Debug|Mixed Platforms.ActiveCfg = Debug|Any CPU
		{F10A5330-DCF4-4533-877C-7B1B1BE23884}.Debug|Mixed Platforms.Build.0 = Debug|Any CPU
		{F10A5330-DCF4-4533-877C-7B1B1BE23884}.Debug|x86.ActiveCfg = Debug|Any CPU
		{F10A5330-DCF4-4533-877C-7B1B1BE23884}.Debug|x86.Build.0 = Debug|Any CPU
		{F10A5330-DCF4-4533-877C-7B1B1BE23884}.Release|Any CPU.ActiveCfg = Release|Any CPU
		{F10A5330-DCF4-4533-877C-7B1B1BE23884}.Release|Any CPU.Build.0 = Release|Any CPU
		{F10A5330-DCF4-4533-877C-7B1B1BE23884}.Release|Mixed Platforms.ActiveCfg = Release|Any CPU
		{F10A5330-DCF4-4533-877C-7B1B1BE23884}.Release|Mixed Platforms.Build.0 = Release|Any CPU
		{F10A5330-DCF4-4533-877C-7B1B1BE23884}.Release|x86.ActiveCfg = Release|Any CPU
		{F10A5330-DCF4-4533-877C-7B1B1BE23884}.Release|x86.Build.0 = Release|Any CPU
		{CE5C55C2-A11C-4E94-A9FA-3FC6CA3E4C09}.Debug|Any CPU.ActiveCfg = Debug|Any CPU
		{CE5C55C2-A11C-4E94-A9FA-3FC6CA3E4C09}.Debug|Any CPU.Build.0 = Debug|Any CPU
		{CE5C55C2-A11C-4E94-A9FA-3FC6CA3E4C09}.Debug|Mixed Platforms.ActiveCfg = Debug|Any CPU
		{CE5C55C2-A11C-4E94-A9FA-3FC6CA3E4C09}.Debug|Mixed Platforms.Build.0 = Debug|Any CPU
		{CE5C55C2-A11C-4E94-A9FA-3FC6CA3E4C09}.Debug|x86.ActiveCfg = Debug|Any CPU
		{CE5C55C2-A11C-4E94-A9FA-3FC6CA3E4C09}.Release|Any CPU.ActiveCfg = Release|Any CPU
		{CE5C55C2-A11C-4E94-A9FA-3FC6CA3E4C09}.Release|Any CPU.Build.0 = Release|Any CPU
		{CE5C55C2-A11C-4E94-A9FA-3FC6CA3E4C09}.Release|Mixed Platforms.ActiveCfg = Release|Any CPU
		{CE5C55C2-A11C-4E94-A9FA-3FC6CA3E4C09}.Release|Mixed Platforms.Build.0 = Release|Any CPU
		{CE5C55C2-A11C-4E94-A9FA-3FC6CA3E4C09}.Release|x86.ActiveCfg = Release|Any CPU
		{A9AB4282-83B4-41A7-86C3-E5BF6A45E7E2}.Debug|Any CPU.ActiveCfg = Debug|Any CPU
		{A9AB4282-83B4-41A7-86C3-E5BF6A45E7E2}.Debug|Any CPU.Build.0 = Debug|Any CPU
		{A9AB4282-83B4-41A7-86C3-E5BF6A45E7E2}.Debug|Mixed Platforms.ActiveCfg = Debug|Any CPU
		{A9AB4282-83B4-41A7-86C3-E5BF6A45E7E2}.Debug|Mixed Platforms.Build.0 = Debug|Any CPU
		{A9AB4282-83B4-41A7-86C3-E5BF6A45E7E2}.Debug|x86.ActiveCfg = Debug|Any CPU
		{A9AB4282-83B4-41A7-86C3-E5BF6A45E7E2}.Release|Any CPU.ActiveCfg = Release|Any CPU
		{A9AB4282-83B4-41A7-86C3-E5BF6A45E7E2}.Release|Any CPU.Build.0 = Release|Any CPU
		{A9AB4282-83B4-41A7-86C3-E5BF6A45E7E2}.Release|Mixed Platforms.ActiveCfg = Release|Any CPU
		{A9AB4282-83B4-41A7-86C3-E5BF6A45E7E2}.Release|Mixed Platforms.Build.0 = Release|Any CPU
		{A9AB4282-83B4-41A7-86C3-E5BF6A45E7E2}.Release|x86.ActiveCfg = Release|Any CPU
		{3AA92A45-7142-4C59-B12F-56DAE32A40E3}.Debug|Any CPU.ActiveCfg = Debug|Any CPU
		{3AA92A45-7142-4C59-B12F-56DAE32A40E3}.Debug|Any CPU.Build.0 = Debug|Any CPU
		{3AA92A45-7142-4C59-B12F-56DAE32A40E3}.Debug|Mixed Platforms.ActiveCfg = Debug|Any CPU
		{3AA92A45-7142-4C59-B12F-56DAE32A40E3}.Debug|Mixed Platforms.Build.0 = Debug|Any CPU
		{3AA92A45-7142-4C59-B12F-56DAE32A40E3}.Debug|x86.ActiveCfg = Debug|Any CPU
		{3AA92A45-7142-4C59-B12F-56DAE32A40E3}.Debug|x86.Build.0 = Debug|Any CPU
		{3AA92A45-7142-4C59-B12F-56DAE32A40E3}.Release|Any CPU.ActiveCfg = Release|Any CPU
		{3AA92A45-7142-4C59-B12F-56DAE32A40E3}.Release|Any CPU.Build.0 = Release|Any CPU
		{3AA92A45-7142-4C59-B12F-56DAE32A40E3}.Release|Mixed Platforms.ActiveCfg = Release|Any CPU
		{3AA92A45-7142-4C59-B12F-56DAE32A40E3}.Release|Mixed Platforms.Build.0 = Release|Any CPU
		{3AA92A45-7142-4C59-B12F-56DAE32A40E3}.Release|x86.ActiveCfg = Release|Any CPU
		{3AA92A45-7142-4C59-B12F-56DAE32A40E3}.Release|x86.Build.0 = Release|Any CPU
		{2D18BE89-D210-49EB-A9DD-2246FBB3DF6D}.Debug|Any CPU.ActiveCfg = Debug|Any CPU
		{2D18BE89-D210-49EB-A9DD-2246FBB3DF6D}.Debug|Any CPU.Build.0 = Debug|Any CPU
		{2D18BE89-D210-49EB-A9DD-2246FBB3DF6D}.Debug|Mixed Platforms.ActiveCfg = Debug|Any CPU
		{2D18BE89-D210-49EB-A9DD-2246FBB3DF6D}.Debug|Mixed Platforms.Build.0 = Debug|Any CPU
		{2D18BE89-D210-49EB-A9DD-2246FBB3DF6D}.Debug|x86.ActiveCfg = Debug|Any CPU
		{2D18BE89-D210-49EB-A9DD-2246FBB3DF6D}.Debug|x86.Build.0 = Debug|Any CPU
		{2D18BE89-D210-49EB-A9DD-2246FBB3DF6D}.Release|Any CPU.ActiveCfg = Release|Any CPU
		{2D18BE89-D210-49EB-A9DD-2246FBB3DF6D}.Release|Any CPU.Build.0 = Release|Any CPU
		{2D18BE89-D210-49EB-A9DD-2246FBB3DF6D}.Release|Mixed Platforms.ActiveCfg = Release|Any CPU
		{2D18BE89-D210-49EB-A9DD-2246FBB3DF6D}.Release|Mixed Platforms.Build.0 = Release|Any CPU
		{2D18BE89-D210-49EB-A9DD-2246FBB3DF6D}.Release|x86.ActiveCfg = Release|Any CPU
		{2D18BE89-D210-49EB-A9DD-2246FBB3DF6D}.Release|x86.Build.0 = Release|Any CPU
		{3BF3CEB4-0E08-485A-8E6D-924841818B01}.Debug|Any CPU.ActiveCfg = Debug|Any CPU
		{3BF3CEB4-0E08-485A-8E6D-924841818B01}.Debug|Any CPU.Build.0 = Debug|Any CPU
		{3BF3CEB4-0E08-485A-8E6D-924841818B01}.Debug|Mixed Platforms.ActiveCfg = Debug|Any CPU
		{3BF3CEB4-0E08-485A-8E6D-924841818B01}.Debug|Mixed Platforms.Build.0 = Debug|Any CPU
		{3BF3CEB4-0E08-485A-8E6D-924841818B01}.Debug|x86.ActiveCfg = Debug|Any CPU
		{3BF3CEB4-0E08-485A-8E6D-924841818B01}.Debug|x86.Build.0 = Debug|Any CPU
		{3BF3CEB4-0E08-485A-8E6D-924841818B01}.Release|Any CPU.ActiveCfg = Release|Any CPU
		{3BF3CEB4-0E08-485A-8E6D-924841818B01}.Release|Any CPU.Build.0 = Release|Any CPU
		{3BF3CEB4-0E08-485A-8E6D-924841818B01}.Release|Mixed Platforms.ActiveCfg = Release|Any CPU
		{3BF3CEB4-0E08-485A-8E6D-924841818B01}.Release|Mixed Platforms.Build.0 = Release|Any CPU
		{3BF3CEB4-0E08-485A-8E6D-924841818B01}.Release|x86.ActiveCfg = Release|Any CPU
		{3BF3CEB4-0E08-485A-8E6D-924841818B01}.Release|x86.Build.0 = Release|Any CPU
		{E009E776-9280-4061-B5CA-7F0C3E2D3C2A}.Debug|Any CPU.ActiveCfg = Debug|Any CPU
		{E009E776-9280-4061-B5CA-7F0C3E2D3C2A}.Debug|Any CPU.Build.0 = Debug|Any CPU
		{E009E776-9280-4061-B5CA-7F0C3E2D3C2A}.Debug|Mixed Platforms.ActiveCfg = Debug|Any CPU
		{E009E776-9280-4061-B5CA-7F0C3E2D3C2A}.Debug|Mixed Platforms.Build.0 = Debug|Any CPU
		{E009E776-9280-4061-B5CA-7F0C3E2D3C2A}.Debug|x86.ActiveCfg = Debug|Any CPU
		{E009E776-9280-4061-B5CA-7F0C3E2D3C2A}.Debug|x86.Build.0 = Debug|Any CPU
		{E009E776-9280-4061-B5CA-7F0C3E2D3C2A}.Release|Any CPU.ActiveCfg = Release|Any CPU
		{E009E776-9280-4061-B5CA-7F0C3E2D3C2A}.Release|Any CPU.Build.0 = Release|Any CPU
		{E009E776-9280-4061-B5CA-7F0C3E2D3C2A}.Release|Mixed Platforms.ActiveCfg = Release|Any CPU
		{E009E776-9280-4061-B5CA-7F0C3E2D3C2A}.Release|Mixed Platforms.Build.0 = Release|Any CPU
		{E009E776-9280-4061-B5CA-7F0C3E2D3C2A}.Release|x86.ActiveCfg = Release|Any CPU
		{E009E776-9280-4061-B5CA-7F0C3E2D3C2A}.Release|x86.Build.0 = Release|Any CPU
		{536CC813-7C4E-42BC-AE3A-BA1427F38756}.Debug|Any CPU.ActiveCfg = Debug|Any CPU
		{536CC813-7C4E-42BC-AE3A-BA1427F38756}.Debug|Any CPU.Build.0 = Debug|Any CPU
		{536CC813-7C4E-42BC-AE3A-BA1427F38756}.Debug|Mixed Platforms.ActiveCfg = Debug|Any CPU
		{536CC813-7C4E-42BC-AE3A-BA1427F38756}.Debug|Mixed Platforms.Build.0 = Debug|Any CPU
		{536CC813-7C4E-42BC-AE3A-BA1427F38756}.Debug|x86.ActiveCfg = Debug|Any CPU
		{536CC813-7C4E-42BC-AE3A-BA1427F38756}.Debug|x86.Build.0 = Debug|Any CPU
		{536CC813-7C4E-42BC-AE3A-BA1427F38756}.Release|Any CPU.ActiveCfg = Release|Any CPU
		{536CC813-7C4E-42BC-AE3A-BA1427F38756}.Release|Any CPU.Build.0 = Release|Any CPU
		{536CC813-7C4E-42BC-AE3A-BA1427F38756}.Release|Mixed Platforms.ActiveCfg = Release|Any CPU
		{536CC813-7C4E-42BC-AE3A-BA1427F38756}.Release|Mixed Platforms.Build.0 = Release|Any CPU
		{536CC813-7C4E-42BC-AE3A-BA1427F38756}.Release|x86.ActiveCfg = Release|Any CPU
		{536CC813-7C4E-42BC-AE3A-BA1427F38756}.Release|x86.Build.0 = Release|Any CPU
		{27D9800E-2689-4AA1-A2D6-128E4A9BAE98}.Debug|Any CPU.ActiveCfg = Debug|Any CPU
		{27D9800E-2689-4AA1-A2D6-128E4A9BAE98}.Debug|Any CPU.Build.0 = Debug|Any CPU
		{27D9800E-2689-4AA1-A2D6-128E4A9BAE98}.Debug|Mixed Platforms.ActiveCfg = Debug|Any CPU
		{27D9800E-2689-4AA1-A2D6-128E4A9BAE98}.Debug|Mixed Platforms.Build.0 = Debug|Any CPU
		{27D9800E-2689-4AA1-A2D6-128E4A9BAE98}.Debug|x86.ActiveCfg = Debug|Any CPU
		{27D9800E-2689-4AA1-A2D6-128E4A9BAE98}.Debug|x86.Build.0 = Debug|Any CPU
		{27D9800E-2689-4AA1-A2D6-128E4A9BAE98}.Release|Any CPU.ActiveCfg = Release|Any CPU
		{27D9800E-2689-4AA1-A2D6-128E4A9BAE98}.Release|Any CPU.Build.0 = Release|Any CPU
		{27D9800E-2689-4AA1-A2D6-128E4A9BAE98}.Release|Mixed Platforms.ActiveCfg = Release|Any CPU
		{27D9800E-2689-4AA1-A2D6-128E4A9BAE98}.Release|Mixed Platforms.Build.0 = Release|Any CPU
		{27D9800E-2689-4AA1-A2D6-128E4A9BAE98}.Release|x86.ActiveCfg = Release|Any CPU
		{27D9800E-2689-4AA1-A2D6-128E4A9BAE98}.Release|x86.Build.0 = Release|Any CPU
		{1443F539-DCC7-4491-B4FD-B716C739DB3C}.Debug|Any CPU.ActiveCfg = Debug|Any CPU
		{1443F539-DCC7-4491-B4FD-B716C739DB3C}.Debug|Any CPU.Build.0 = Debug|Any CPU
		{1443F539-DCC7-4491-B4FD-B716C739DB3C}.Debug|Mixed Platforms.ActiveCfg = Debug|Any CPU
		{1443F539-DCC7-4491-B4FD-B716C739DB3C}.Debug|Mixed Platforms.Build.0 = Debug|Any CPU
		{1443F539-DCC7-4491-B4FD-B716C739DB3C}.Debug|x86.ActiveCfg = Debug|Any CPU
		{1443F539-DCC7-4491-B4FD-B716C739DB3C}.Debug|x86.Build.0 = Debug|Any CPU
		{1443F539-DCC7-4491-B4FD-B716C739DB3C}.Release|Any CPU.ActiveCfg = Release|Any CPU
		{1443F539-DCC7-4491-B4FD-B716C739DB3C}.Release|Any CPU.Build.0 = Release|Any CPU
		{1443F539-DCC7-4491-B4FD-B716C739DB3C}.Release|Mixed Platforms.ActiveCfg = Release|Any CPU
		{1443F539-DCC7-4491-B4FD-B716C739DB3C}.Release|Mixed Platforms.Build.0 = Release|Any CPU
		{1443F539-DCC7-4491-B4FD-B716C739DB3C}.Release|x86.ActiveCfg = Release|Any CPU
		{1443F539-DCC7-4491-B4FD-B716C739DB3C}.Release|x86.Build.0 = Release|Any CPU
		{A48D9069-D569-4110-9252-A10F139B669B}.Debug|Any CPU.ActiveCfg = Debug|Any CPU
		{A48D9069-D569-4110-9252-A10F139B669B}.Debug|Any CPU.Build.0 = Debug|Any CPU
		{A48D9069-D569-4110-9252-A10F139B669B}.Debug|Mixed Platforms.ActiveCfg = Debug|Any CPU
		{A48D9069-D569-4110-9252-A10F139B669B}.Debug|Mixed Platforms.Build.0 = Debug|Any CPU
		{A48D9069-D569-4110-9252-A10F139B669B}.Debug|x86.ActiveCfg = Debug|Any CPU
		{A48D9069-D569-4110-9252-A10F139B669B}.Debug|x86.Build.0 = Debug|Any CPU
		{A48D9069-D569-4110-9252-A10F139B669B}.Release|Any CPU.ActiveCfg = Release|Any CPU
		{A48D9069-D569-4110-9252-A10F139B669B}.Release|Any CPU.Build.0 = Release|Any CPU
		{A48D9069-D569-4110-9252-A10F139B669B}.Release|Mixed Platforms.ActiveCfg = Release|Any CPU
		{A48D9069-D569-4110-9252-A10F139B669B}.Release|Mixed Platforms.Build.0 = Release|Any CPU
		{A48D9069-D569-4110-9252-A10F139B669B}.Release|x86.ActiveCfg = Release|Any CPU
		{A48D9069-D569-4110-9252-A10F139B669B}.Release|x86.Build.0 = Release|Any CPU
		{ADD567B7-8157-45E8-9673-FC6BCF5930D1}.Debug|Any CPU.ActiveCfg = Debug|Any CPU
		{ADD567B7-8157-45E8-9673-FC6BCF5930D1}.Debug|Any CPU.Build.0 = Debug|Any CPU
		{ADD567B7-8157-45E8-9673-FC6BCF5930D1}.Debug|Mixed Platforms.ActiveCfg = Debug|Any CPU
		{ADD567B7-8157-45E8-9673-FC6BCF5930D1}.Debug|Mixed Platforms.Build.0 = Debug|Any CPU
		{ADD567B7-8157-45E8-9673-FC6BCF5930D1}.Debug|x86.ActiveCfg = Debug|Any CPU
		{ADD567B7-8157-45E8-9673-FC6BCF5930D1}.Debug|x86.Build.0 = Debug|Any CPU
		{ADD567B7-8157-45E8-9673-FC6BCF5930D1}.Release|Any CPU.ActiveCfg = Release|Any CPU
		{ADD567B7-8157-45E8-9673-FC6BCF5930D1}.Release|Any CPU.Build.0 = Release|Any CPU
		{ADD567B7-8157-45E8-9673-FC6BCF5930D1}.Release|Mixed Platforms.ActiveCfg = Release|Any CPU
		{ADD567B7-8157-45E8-9673-FC6BCF5930D1}.Release|Mixed Platforms.Build.0 = Release|Any CPU
		{ADD567B7-8157-45E8-9673-FC6BCF5930D1}.Release|x86.ActiveCfg = Release|Any CPU
		{ADD567B7-8157-45E8-9673-FC6BCF5930D1}.Release|x86.Build.0 = Release|Any CPU
	EndGlobalSection
	GlobalSection(SolutionProperties) = preSolution
		HideSolutionNode = FALSE
	EndGlobalSection
	GlobalSection(NestedProjects) = preSolution
		{CFC683F8-0165-4A9F-9C3F-BB8C5BAB507F} = {26843C5D-9D7E-4C2C-AC14-2D227FA5592E}
		{BC35F816-54EE-47E0-89FC-1C66EAC155A9} = {26843C5D-9D7E-4C2C-AC14-2D227FA5592E}
		{EC68A3D8-6D63-4A79-ABA6-BF8E9D7756D7} = {26843C5D-9D7E-4C2C-AC14-2D227FA5592E}
		{DBE875B5-6187-45D8-8B75-2E43CC513A60} = {EC68A3D8-6D63-4A79-ABA6-BF8E9D7756D7}
		{43879684-ADBE-470A-AAC6-2ACA36603971} = {EC68A3D8-6D63-4A79-ABA6-BF8E9D7756D7}
		{50F4AB3F-0A1E-4AF9-88CF-48A8D3E1D1D7} = {EC68A3D8-6D63-4A79-ABA6-BF8E9D7756D7}
		{A36031B7-D3D1-4372-B478-07621069602E} = {EC68A3D8-6D63-4A79-ABA6-BF8E9D7756D7}
		{1437FD01-0741-4912-8035-6BDFEAA45626} = {EC68A3D8-6D63-4A79-ABA6-BF8E9D7756D7}
		{4A9AC1AA-698E-49C2-B1ED-15B5E4AB963D} = {EC68A3D8-6D63-4A79-ABA6-BF8E9D7756D7}
		{FFF73A7C-22E5-4BB6-B7AA-6A0DC970DFDF} = {EC68A3D8-6D63-4A79-ABA6-BF8E9D7756D7}
		{1E42361A-EDA3-4872-88AF-A3AAF600D36D} = {F8CE2712-826B-450B-A72F-D32D80C99858}
		{A25D26FB-3043-4BCF-833E-E3F4C3BE795E} = {F8CE2712-826B-450B-A72F-D32D80C99858}
		{7FE7173B-22EB-46E5-897B-02F422662E51} = {F8CE2712-826B-450B-A72F-D32D80C99858}
		{2AEF58A1-2BCF-4C4B-AB03-F44BBB2628E6} = {F8CE2712-826B-450B-A72F-D32D80C99858}
		{1C9C945A-586D-42A2-A06B-65D84FA7FF78} = {F8CE2712-826B-450B-A72F-D32D80C99858}
		{AF2EFD7B-69DD-4B43-AF65-B59B29349C23} = {F8CE2712-826B-450B-A72F-D32D80C99858}
		{44A01F9E-DCE7-470C-AAE5-C3DE0CCBEE3B} = {F8CE2712-826B-450B-A72F-D32D80C99858}
		{10679470-FE1B-4193-A203-D940CF0AEA54} = {F8CE2712-826B-450B-A72F-D32D80C99858}
		{1AB15F6E-C22E-499A-A7ED-54BA7DE5CFA6} = {F8CE2712-826B-450B-A72F-D32D80C99858}
		{BB6973BA-B3A2-4B31-A986-7CB008F22C4F} = {F8CE2712-826B-450B-A72F-D32D80C99858}
		{1D51D03C-FB74-4AB2-84B4-09EB077BEAFE} = {BB6973BA-B3A2-4B31-A986-7CB008F22C4F}
		{94EED2FF-0641-4562-8167-CBC280A733AF} = {F8CE2712-826B-450B-A72F-D32D80C99858}
		{C2CAC65A-B2AE-4CCC-B067-E6B8E75DF73A} = {94EED2FF-0641-4562-8167-CBC280A733AF}
		{613E0DDA-AA8A-437C-AC45-507B47429FF9} = {94EED2FF-0641-4562-8167-CBC280A733AF}
		{A5A3667E-8A3B-4569-BA0E-AD49E12D07E7} = {26843C5D-9D7E-4C2C-AC14-2D227FA5592E}
		{2748AD25-9C63-4E12-877B-4DCE96FBED54} = {A5A3667E-8A3B-4569-BA0E-AD49E12D07E7}
		{35CEF10F-2D4C-45F2-9DD1-161E0FEC583C} = {A5A3667E-8A3B-4569-BA0E-AD49E12D07E7}
		{7E4A7172-7FF5-48D0-B719-7CD959DD1AC9} = {A5A3667E-8A3B-4569-BA0E-AD49E12D07E7}
		{857CA1A3-FC88-4BE0-AB6A-D1EE772AB288} = {A5A3667E-8A3B-4569-BA0E-AD49E12D07E7}
		{146083AD-6684-4EBC-A539-AAD749A16364} = {F8CE2712-826B-450B-A72F-D32D80C99858}
		{F10A5330-DCF4-4533-877C-7B1B1BE23884} = {F8CE2712-826B-450B-A72F-D32D80C99858}
		{CE5C55C2-A11C-4E94-A9FA-3FC6CA3E4C09} = {F8CE2712-826B-450B-A72F-D32D80C99858}
		{A9AB4282-83B4-41A7-86C3-E5BF6A45E7E2} = {F8CE2712-826B-450B-A72F-D32D80C99858}
		{3AA92A45-7142-4C59-B12F-56DAE32A40E3} = {EC68A3D8-6D63-4A79-ABA6-BF8E9D7756D7}
		{2D18BE89-D210-49EB-A9DD-2246FBB3DF6D} = {26843C5D-9D7E-4C2C-AC14-2D227FA5592E}
		{3BF3CEB4-0E08-485A-8E6D-924841818B01} = {26843C5D-9D7E-4C2C-AC14-2D227FA5592E}
		{E009E776-9280-4061-B5CA-7F0C3E2D3C2A} = {26843C5D-9D7E-4C2C-AC14-2D227FA5592E}
		{536CC813-7C4E-42BC-AE3A-BA1427F38756} = {EC68A3D8-6D63-4A79-ABA6-BF8E9D7756D7}
		{27D9800E-2689-4AA1-A2D6-128E4A9BAE98} = {F8CE2712-826B-450B-A72F-D32D80C99858}
		{1443F539-DCC7-4491-B4FD-B716C739DB3C} = {BB6973BA-B3A2-4B31-A986-7CB008F22C4F}
		{A48D9069-D569-4110-9252-A10F139B669B} = {F8CE2712-826B-450B-A72F-D32D80C99858}
		{ADD567B7-8157-45E8-9673-FC6BCF5930D1} = {F8CE2712-826B-450B-A72F-D32D80C99858}
	EndGlobalSection
	GlobalSection(ExtensibilityGlobals) = postSolution
		SolutionGuid = {68E993E6-EE86-4DDF-B0A1-4FE884F8AC39}
	EndGlobalSection
EndGlobal
