
Microsoft Visual Studio Solution File, Format Version 10.00
# Visual Studio 2008
# SharpDevelop 3.0.0.2756
Project("{FAE04EC0-301F-11D3-BF4B-00C04F79EFBC}") = "ProgStarter", "ProgStarter\ProgStarter.csproj", "{FD044F39-8F4A-48E4-8FB2-CBEF09AEBAA4}"
EndProject
Global
	GlobalSection(SolutionConfigurationPlatforms) = preSolution
		Debug|Any CPU = Debug|Any CPU
		Release|Any CPU = Release|Any CPU
	EndGlobalSection
	GlobalSection(ProjectConfigurationPlatforms) = postSolution
		{FD044F39-8F4A-48E4-8FB2-CBEF09AEBAA4}.Debug|Any CPU.Build.0 = Debug|Any CPU
		{FD044F39-8F4A-48E4-8FB2-CBEF09AEBAA4}.Debug|Any CPU.ActiveCfg = Debug|Any CPU
		{FD044F39-8F4A-48E4-8FB2-CBEF09AEBAA4}.Release|Any CPU.Build.0 = Release|Any CPU
		{FD044F39-8F4A-48E4-8FB2-CBEF09AEBAA4}.Release|Any CPU.ActiveCfg = Release|Any CPU
	EndGlobalSection
EndGlobal
