Microsoft Visual Studio Solution File, Format Version 9.00
# Visual Studio 2005
Project("{FAE04EC0-301F-11D3-BF4B-00C04F79EFBC}") = "grmCommentCompiler", "grmCommentCompiler.csproj", "{13368AAB-A821-4EFD-9C6E-7689C6927778}"
EndProject
Global
	GlobalSection(SolutionConfigurationPlatforms) = preSolution
		Debug|Any CPU = Debug|Any CPU
		Release|Any CPU = Release|Any CPU
	EndGlobalSection
	GlobalSection(ProjectConfigurationPlatforms) = postSolution
		{13368AAB-A821-4EFD-9C6E-7689C6927778}.Debug|Any CPU.ActiveCfg = Debug|Any CPU
		{13368AAB-A821-4EFD-9C6E-7689C6927778}.Debug|Any CPU.Build.0 = Debug|Any CPU
		{13368AAB-A821-4EFD-9C6E-7689C6927778}.Release|Any CPU.ActiveCfg = Release|Any CPU
		{13368AAB-A821-4EFD-9C6E-7689C6927778}.Release|Any CPU.Build.0 = Release|Any CPU
	EndGlobalSection
	GlobalSection(SolutionProperties) = preSolution
		HideSolutionNode = FALSE
	EndGlobalSection
EndGlobal
