
Microsoft Visual Studio Solution File, Format Version 12.00
# Visual Studio 15
VisualStudioVersion = 15.0.28307.1000
MinimumVisualStudioVersion = 10.0.40219.1
Project("{FAE04EC0-301F-11D3-BF4B-00C04F79EFBC}") = "ProgrammRunner", "ProgrammRunner.csproj", "{63AB5E1B-2123-4BAD-BE18-8CB4DEB73FDA}"
EndProject
Global
	GlobalSection(SolutionConfigurationPlatforms) = preSolution
		Debug|Any CPU = Debug|Any CPU
		Release|Any CPU = Release|Any CPU
	EndGlobalSection
	GlobalSection(ProjectConfigurationPlatforms) = postSolution
		{63AB5E1B-2123-4BAD-BE18-8CB4DEB73FDA}.Debug|Any CPU.ActiveCfg = Debug|Any CPU
		{63AB5E1B-2123-4BAD-BE18-8CB4DEB73FDA}.Debug|Any CPU.Build.0 = Debug|Any CPU
		{63AB5E1B-2123-4BAD-BE18-8CB4DEB73FDA}.Release|Any CPU.ActiveCfg = Release|Any CPU
		{63AB5E1B-2123-4BAD-BE18-8CB4DEB73FDA}.Release|Any CPU.Build.0 = Release|Any CPU
	EndGlobalSection
	GlobalSection(SolutionProperties) = preSolution
		HideSolutionNode = FALSE
	EndGlobalSection
	GlobalSection(ExtensibilityGlobals) = postSolution
		SolutionGuid = {C5AD1517-A4B9-4075-B406-BCBFF68222E1}
	EndGlobalSection
EndGlobal
