
Microsoft Visual Studio Solution File, Format Version 12.00
# Visual Studio 14
VisualStudioVersion = 14.0.25123.0
MinimumVisualStudioVersion = 10.0.40219.1
Project("{FAE04EC0-301F-11D3-BF4B-00C04F79EFBC}") = "SyntaxVisitors", "ParsePABC1\SyntaxVisitors.csproj", "{BAA767F1-6544-4A44-BA17-5FBFCF6F2D99}"
EndProject
Project("{FAE04EC0-301F-11D3-BF4B-00C04F79EFBC}") = "SyntaxTree", "..\SyntaxTree\SyntaxTree.csproj", "{C2CAC65A-B2AE-4CCC-B067-E6B8E75DF73A}"
EndProject
Project("{FAE04EC0-301F-11D3-BF4B-00C04F79EFBC}") = "YieldDesugarTest", "YieldDesugarTest\YieldDesugarTest.csproj", "{9EBC62C6-3092-4E9D-940E-476D332E0951}"
EndProject
Project("{FAE04EC0-301F-11D3-BF4B-00C04F79EFBC}") = "SyntaxTreeChanger", "..\SyntaxTreeChanger\SyntaxTreeChanger.csproj", "{F10A5330-DCF4-4533-877C-7B1B1BE23884}"
EndProject
Global
	GlobalSection(SolutionConfigurationPlatforms) = preSolution
		Debug|Any CPU = Debug|Any CPU
		Release|Any CPU = Release|Any CPU
	EndGlobalSection
	GlobalSection(ProjectConfigurationPlatforms) = postSolution
		{BAA767F1-6544-4A44-BA17-5FBFCF6F2D99}.Debug|Any CPU.ActiveCfg = Debug|Any CPU
		{BAA767F1-6544-4A44-BA17-5FBFCF6F2D99}.Debug|Any CPU.Build.0 = Debug|Any CPU
		{BAA767F1-6544-4A44-BA17-5FBFCF6F2D99}.Release|Any CPU.ActiveCfg = Release|Any CPU
		{BAA767F1-6544-4A44-BA17-5FBFCF6F2D99}.Release|Any CPU.Build.0 = Release|Any CPU
		{C2CAC65A-B2AE-4CCC-B067-E6B8E75DF73A}.Debug|Any CPU.ActiveCfg = Debug|Any CPU
		{C2CAC65A-B2AE-4CCC-B067-E6B8E75DF73A}.Debug|Any CPU.Build.0 = Debug|Any CPU
		{C2CAC65A-B2AE-4CCC-B067-E6B8E75DF73A}.Release|Any CPU.ActiveCfg = Release|Any CPU
		{C2CAC65A-B2AE-4CCC-B067-E6B8E75DF73A}.Release|Any CPU.Build.0 = Release|Any CPU
		{9EBC62C6-3092-4E9D-940E-476D332E0951}.Debug|Any CPU.ActiveCfg = Debug|Any CPU
		{9EBC62C6-3092-4E9D-940E-476D332E0951}.Debug|Any CPU.Build.0 = Debug|Any CPU
		{9EBC62C6-3092-4E9D-940E-476D332E0951}.Release|Any CPU.ActiveCfg = Release|Any CPU
		{9EBC62C6-3092-4E9D-940E-476D332E0951}.Release|Any CPU.Build.0 = Release|Any CPU
		{F10A5330-DCF4-4533-877C-7B1B1BE23884}.Debug|Any CPU.ActiveCfg = Debug|Any CPU
		{F10A5330-DCF4-4533-877C-7B1B1BE23884}.Debug|Any CPU.Build.0 = Debug|Any CPU
		{F10A5330-DCF4-4533-877C-7B1B1BE23884}.Release|Any CPU.ActiveCfg = Release|Any CPU
		{F10A5330-DCF4-4533-877C-7B1B1BE23884}.Release|Any CPU.Build.0 = Release|Any CPU
	EndGlobalSection
	GlobalSection(SolutionProperties) = preSolution
		HideSolutionNode = FALSE
	EndGlobalSection
EndGlobal
